{
  "name": "FlashChain2-light",
  "version": "2.0.171015",
  "lockfileVersion": 1,
  "requires": true,
  "dependencies": {
    "alt": {
      "version": "0.18.6",
      "resolved": "https://registry.npmjs.org/alt/-/alt-0.18.6.tgz",
      "integrity": "sha1-2ExsheAXnLbC/Hufms7Iwfqr1gY="
    },
    "alt-container": {
      "version": "1.1.1",
      "resolved": "https://registry.npmjs.org/alt-container/-/alt-container-1.1.1.tgz",
      "integrity": "sha1-njborR9pB56OHMhA4SAebkCnLjI="
    },
    "alt-react": {
      "version": "0.0.1",
      "resolved": "https://registry.npmjs.org/alt-react/-/alt-react-0.0.1.tgz",
      "integrity": "sha1-LAKhFhaivvMS4A+YW6DDq2ouCoM="
    },
    "babel-core": {
      "version": "6.26.0",
      "resolved": "https://registry.npmjs.org/babel-core/-/babel-core-6.26.0.tgz",
      "integrity": "sha1-rzL3izGm/O8RnIew/Y2XU/A6C7g=",
      "dev": true,
      "dependencies": {
        "lodash": {
          "version": "4.17.4",
          "resolved": "https://registry.npmjs.org/lodash/-/lodash-4.17.4.tgz",
          "integrity": "sha1-eCA6TRwyiuHYbcpkYONptX9AVa4="
        },
        "source-map": {
          "version": "0.5.7",
          "resolved": "https://registry.npmjs.org/source-map/-/source-map-0.5.7.tgz",
          "integrity": "sha1-igOdLRAh0i0eoUyA2OpGi6LvP8w="
        }
      }
    },
    "babel-eslint": {
      "version": "7.2.3",
      "resolved": "https://registry.npmjs.org/babel-eslint/-/babel-eslint-7.2.3.tgz",
      "integrity": "sha1-sv4tgBJkcPXBlELcdXJTqJdxCCc=",
      "dev": true
    },
    "babel-jest": {
      "version": "18.0.0",
      "resolved": "https://registry.npmjs.org/babel-jest/-/babel-jest-18.0.0.tgz",
      "integrity": "sha1-F+u6jLMoXJBthZ6HB+Tnl5X7ZeM=",
      "dev": true
    },
    "babel-loader": {
      "version": "7.1.2",
      "resolved": "https://registry.npmjs.org/babel-loader/-/babel-loader-7.1.2.tgz",
      "integrity": "sha512-jRwlFbINAeyDStqK6Dd5YuY0k5YuzQUvlz2ZamuXrXmxav3pNqe9vfJ402+2G+OmlJSXxCOpB6Uz0INM7RQe2A==",
      "dev": true
    },
    "babel-plugin-add-module-exports": {
      "version": "0.2.1",
      "resolved": "https://registry.npmjs.org/babel-plugin-add-module-exports/-/babel-plugin-add-module-exports-0.2.1.tgz",
      "integrity": "sha1-mumh9KjcZ/DN7E9K7aHkOl/2XiU="
    },
    "babel-plugin-webpack-alias": {
      "version": "2.1.2",
      "resolved": "https://registry.npmjs.org/babel-plugin-webpack-alias/-/babel-plugin-webpack-alias-2.1.2.tgz",
      "integrity": "sha1-BaG6I8KFlWYPtupXNkJPxZa0okc=",
      "dev": true,
      "dependencies": {
        "find-up": {
          "version": "2.1.0",
          "resolved": "https://registry.npmjs.org/find-up/-/find-up-2.1.0.tgz",
          "integrity": "sha1-RdG35QbHF93UgndaK3eSCjwMV6c="
        }
      }
    },
    "babel-polyfill": {
      "version": "6.26.0",
      "resolved": "https://registry.npmjs.org/babel-polyfill/-/babel-polyfill-6.26.0.tgz",
      "integrity": "sha1-N5k3q8Z9eJWXCtxiHyhM2WbPIVM=",
      "dev": true,
      "dependencies": {
        "core-js": {
          "version": "2.5.1",
          "resolved": "https://registry.npmjs.org/core-js/-/core-js-2.5.1.tgz",
          "integrity": "sha1-rmh03GaTd4m4B1T/VCjfZoGcpQs="
        },
        "regenerator-runtime": {
          "version": "0.10.5",
          "resolved": "https://registry.npmjs.org/regenerator-runtime/-/regenerator-runtime-0.10.5.tgz",
          "integrity": "sha1-M2w+/BIgrc7dosn6tntaeVWjNlg="
        }
      }
    },
    "babel-preset-es2015": {
      "version": "6.24.1",
      "resolved": "https://registry.npmjs.org/babel-preset-es2015/-/babel-preset-es2015-6.24.1.tgz",
      "integrity": "sha1-1EBQ1rwsn+6nAqrzjXJ6AhBTiTk="
    },
    "babel-preset-react": {
      "version": "6.24.1",
      "resolved": "https://registry.npmjs.org/babel-preset-react/-/babel-preset-react-6.24.1.tgz",
      "integrity": "sha1-umnfrqRfw+xjm2pOzqbhdwLJE4A=",
      "dev": true
    },
    "babel-preset-stage-0": {
      "version": "6.24.1",
      "resolved": "https://registry.npmjs.org/babel-preset-stage-0/-/babel-preset-stage-0-6.24.1.tgz",
      "integrity": "sha1-VkLRUEL5E4TX5a+LyIsduVsDnmo=",
      "dev": true
    },
    "babel-preset-stage-1": {
      "version": "6.24.1",
      "resolved": "https://registry.npmjs.org/babel-preset-stage-1/-/babel-preset-stage-1-6.24.1.tgz",
      "integrity": "sha1-dpLNfc1oSZB+auSgqFWJz7niv7A="
    },
    "benchmark": {
      "version": "2.1.4",
      "resolved": "https://registry.npmjs.org/benchmark/-/benchmark-2.1.4.tgz",
      "integrity": "sha1-CfPeMckWQl1JjMLuVloOvzwqVik=",
      "dev": true,
      "dependencies": {
        "lodash": {
          "version": "4.17.4",
          "resolved": "https://registry.npmjs.org/lodash/-/lodash-4.17.4.tgz",
          "integrity": "sha1-eCA6TRwyiuHYbcpkYONptX9AVa4="
        }
      }
    },
    "bigi": {
      "version": "1.4.2",
      "resolved": "https://registry.npmjs.org/bigi/-/bigi-1.4.2.tgz",
      "integrity": "sha1-nGZalfiLiwj8Bc/XMfVhhZ1yWCU="
    },
    "bignumber.js": {
      "version": "4.1.0",
      "resolved": "https://registry.npmjs.org/bignumber.js/-/bignumber.js-4.1.0.tgz",
      "integrity": "sha512-eJzYkFYy9L4JzXsbymsFn3p54D+llV27oTQ+ziJG7WFRheJcNZilgVXMG0LoZtlQSKBsJdWtLFqOD0u+U0jZKA=="
    },
    "bs58": {
      "version": "4.0.1",
      "resolved": "https://registry.npmjs.org/bs58/-/bs58-4.0.1.tgz",
      "integrity": "sha1-vhYedsNU9veIrkBx9j806MTwpCo="
    },
    "bytebuffer": {
      "version": "5.0.1",
      "resolved": "https://registry.npmjs.org/bytebuffer/-/bytebuffer-5.0.1.tgz",
      "integrity": "sha1-WC7qSxqHO20CCkjVjfhfC7ps/d0="
    },
    "classnames": {
      "version": "2.2.5",
      "resolved": "https://registry.npmjs.org/classnames/-/classnames-2.2.5.tgz",
      "integrity": "sha1-+zgB1FNGdknvNgPH1hoCvRKb3m0="
    },
    "clean-webpack-plugin": {
      "version": "0.1.17",
      "resolved": "https://registry.npmjs.org/clean-webpack-plugin/-/clean-webpack-plugin-0.1.17.tgz",
      "integrity": "sha512-Bts/V725v8Ijosp4K1cqppQXgXcrohxoMsg0CV2xL4y/vua1G5pAfHEW/eJIiKF+GNNG72mdjbipxMRFEms7yg==",
      "dev": true
    },
    "coffee-loader": {
      "version": "0.7.3",
      "resolved": "https://registry.npmjs.org/coffee-loader/-/coffee-loader-0.7.3.tgz",
      "integrity": "sha1-+tvG79b8fsyIxbMEaiwpIGa8tUo=",
      "dev": true
    },
    "coffee-script": {
      "version": "1.12.7",
      "resolved": "https://registry.npmjs.org/coffee-script/-/coffee-script-1.12.7.tgz",
      "integrity": "sha512-fLeEhqwymYat/MpTPUjSKHVYYl0ec2mOyALEMLmzr5i1isuG+6jfI2j2d5oBO3VIzgUXgBVIcOT9uH1TFxBckw==",
      "dev": true
    },
    "cookies-js": {
      "version": "1.2.3",
      "resolved": "https://registry.npmjs.org/cookies-js/-/cookies-js-1.2.3.tgz",
      "integrity": "sha1-AzFQSefFK+4/cxhqaRZ+qw3bLTE="
    },
    "copyfiles": {
      "version": "1.2.0",
      "resolved": "https://registry.npmjs.org/copyfiles/-/copyfiles-1.2.0.tgz",
      "integrity": "sha1-qNo6xBqiIgrim9PFi2mEKU8sWTw=",
      "dev": true
    },
    "counterpart": {
      "version": "0.17.9",
      "resolved": "https://registry.npmjs.org/counterpart/-/counterpart-0.17.9.tgz",
      "integrity": "sha1-A3nk0JC579spxjamB8UuNXNPXxM="
    },
    "create-hash": {
      "version": "1.1.3",
      "resolved": "https://registry.npmjs.org/create-hash/-/create-hash-1.1.3.tgz",
      "integrity": "sha1-YGBCrIuSYnUPSDyt2rD1gZFy2P0="
    },
    "create-hmac": {
      "version": "1.1.6",
      "resolved": "https://registry.npmjs.org/create-hmac/-/create-hmac-1.1.6.tgz",
      "integrity": "sha1-rLniIaThe9sHbpBlfEK5PjcmzwY="
    },
    "cross-env": {
      "version": "5.0.5",
      "resolved": "https://registry.npmjs.org/cross-env/-/cross-env-5.0.5.tgz",
      "integrity": "sha1-Q4PTZNlmCHPdGFs5ivO/717//vM=",
      "dev": true
    },
    "crypto-js": {
      "version": "3.1.9-1",
      "resolved": "https://registry.npmjs.org/crypto-js/-/crypto-js-3.1.9-1.tgz",
      "integrity": "sha1-/aGedh/Ad+Af+/3G6f38WeiAbNg="
    },
    "css-loader": {
      "version": "0.22.0",
      "resolved": "https://registry.npmjs.org/css-loader/-/css-loader-0.22.0.tgz",
      "integrity": "sha1-SJKROWDNPe34gHcCwkKD+E6Xxw8=",
      "dev": true,
      "dependencies": {
        "loader-utils": {
          "version": "0.2.17",
          "resolved": "https://registry.npmjs.org/loader-utils/-/loader-utils-0.2.17.tgz",
          "integrity": "sha1-+G5jdNQyBabmxg6RlvF8Apm/s0g="
        }
      }
    },
    "deep-equal": {
      "version": "1.0.1",
      "resolved": "https://registry.npmjs.org/deep-equal/-/deep-equal-1.0.1.tgz",
      "integrity": "sha1-9dJgKStmDghO/0zbyfCK0yR0SLU="
    },
    "ecurve": {
      "version": "1.0.5",
      "resolved": "https://registry.npmjs.org/ecurve/-/ecurve-1.0.5.tgz",
      "integrity": "sha1-0Ujo/lCmdPmDu1uuCdoOoj4QU14="
    },
    "electron": {
      "version": "1.7.9",
      "resolved": "https://registry.npmjs.org/electron/-/electron-1.7.9.tgz",
      "integrity": "sha1-rdVOn4+D7QL2UZ7BATX2mLGTNs8=",
      "dev": true
    },
    "electron-builder": {
      "version": "19.37.2",
      "resolved": "https://registry.npmjs.org/electron-builder/-/electron-builder-19.37.2.tgz",
      "integrity": "sha512-a7OFQqnWUI12bxbn6YG1eqld5gmSPWSEIfQsbHAzNzbZb1M4KUwjMPpJDQp9t1ekmpc2bNO+VsntRDVETpaXkg==",
      "dev": true,
      "dependencies": {
        "ansi-styles": {
          "version": "3.2.0",
          "resolved": "https://registry.npmjs.org/ansi-styles/-/ansi-styles-3.2.0.tgz",
          "integrity": "sha512-NnSOmMEYtVR2JVMIGTzynRkkaxtiq1xnFBcdQD/DnNCYPoEPsVJhM98BDyaoNOQIi7p4okdi3E27eN7GQbsUug=="
        },
        "chalk": {
          "version": "2.1.0",
          "resolved": "https://registry.npmjs.org/chalk/-/chalk-2.1.0.tgz",
          "integrity": "sha512-LUHGS/dge4ujbXMJrnihYMcL4AoOweGnw9Tp3kQuqy1Kx5c1qKjqvMJZ6nVJPMWJtKCTN72ZogH3oeSO9g9rXQ=="
        },
        "debug": {
          "version": "3.1.0",
          "resolved": "https://registry.npmjs.org/debug/-/debug-3.1.0.tgz",
          "integrity": "sha512-OX8XqP7/1a9cqkxYw2yXss15f26NKWBpDXQd0/uK/KPqdQhxbPa994hnzjcE2VqQpDslf55723cKPUOGSmMY3g=="
        },
        "electron-download-tf": {
          "version": "4.3.4",
          "resolved": "https://registry.npmjs.org/electron-download-tf/-/electron-download-tf-4.3.4.tgz",
          "integrity": "sha512-SQYDGMLpTgty1bx3NycuDb7dNPzktVSdK2sqPZjyRocauq/uN/V4S2lcpFVLupaHhKlD8zozm9fTpm5UdohvTg=="
        },
        "esprima": {
          "version": "4.0.0",
          "resolved": "https://registry.npmjs.org/esprima/-/esprima-4.0.0.tgz",
          "integrity": "sha512-oftTcaMu/EGrEIu904mWteKIv8vMuOgGYo7EhVJJN00R/EED9DCua/xxHRdYnKtcECzVg7xOWhflvJMnqcFZjw=="
        },
        "fs-extra": {
          "version": "4.0.2",
          "resolved": "https://registry.npmjs.org/fs-extra/-/fs-extra-4.0.2.tgz",
          "integrity": "sha1-+RcExT0bRh+JNFKwwwfZmXZHq2s="
        },
        "has-flag": {
          "version": "2.0.0",
          "resolved": "https://registry.npmjs.org/has-flag/-/has-flag-2.0.0.tgz",
          "integrity": "sha1-6CB68cx7MNRGzHC3NLXovhj4jVE="
        },
        "js-yaml": {
          "version": "3.10.0",
          "resolved": "https://registry.npmjs.org/js-yaml/-/js-yaml-3.10.0.tgz",
          "integrity": "sha512-O2v52ffjLa9VeM43J4XocZE//WT9N0IiwDa3KSHH7Tu8CtH+1qM8SIZvnsTh6v+4yFy5KUY3BHUVwjpfAWsjIA=="
        },
        "jsonfile": {
          "version": "4.0.0",
          "resolved": "https://registry.npmjs.org/jsonfile/-/jsonfile-4.0.0.tgz",
          "integrity": "sha1-h3Gq4HmbZAdrdmQPygWPnBDjPss="
        },
        "minimist": {
          "version": "1.2.0",
          "resolved": "https://registry.npmjs.org/minimist/-/minimist-1.2.0.tgz",
          "integrity": "sha1-o1AIsg9BOD7sH7kU9M1d95omQoQ="
        },
        "path-exists": {
          "version": "3.0.0",
          "resolved": "https://registry.npmjs.org/path-exists/-/path-exists-3.0.0.tgz",
          "integrity": "sha1-zg6+ql94yxiSXqfYENe1mwEP1RU="
        },
        "sumchecker": {
          "version": "2.0.2",
          "resolved": "https://registry.npmjs.org/sumchecker/-/sumchecker-2.0.2.tgz",
          "integrity": "sha1-D0LBDl0F2l1C7qPlbDOZo31sWz4=",
          "dependencies": {
            "debug": {
              "version": "2.6.9",
              "resolved": "https://registry.npmjs.org/debug/-/debug-2.6.9.tgz",
              "integrity": "sha512-bC7ElrdJaJnPbAP+1EotYvqZsb3ecl5wi6Bfi6BJTUcNowp6cvspg0jXznRTKDjm/E7AdgFBVeAPVMNcKGsHMA=="
            }
          }
        },
        "supports-color": {
          "version": "4.4.0",
          "resolved": "https://registry.npmjs.org/supports-color/-/supports-color-4.4.0.tgz",
          "integrity": "sha512-rKC3+DyXWgK0ZLKwmRsrkyHVZAjNkfzeehuFWdGGcqGDTZFH73+RH6S/RDAAxl9GusSjZSUWYLmT9N5pzXFOXQ=="
        }
      }
    },
    "es6-promise": {
      "version": "3.3.1",
      "resolved": "https://registry.npmjs.org/es6-promise/-/es6-promise-3.3.1.tgz",
      "integrity": "sha1-oIzd6EzNvzTQJ6FFG8kdS80ophM=",
      "dev": true
    },
    "eslint": {
      "version": "2.13.1",
      "resolved": "https://registry.npmjs.org/eslint/-/eslint-2.13.1.tgz",
      "integrity": "sha1-5MyPoPAJ+4KaquI4VaKTYL4fbBE=",
      "dev": true,
      "dependencies": {
        "lodash": {
          "version": "4.17.4",
          "resolved": "https://registry.npmjs.org/lodash/-/lodash-4.17.4.tgz",
          "integrity": "sha1-eCA6TRwyiuHYbcpkYONptX9AVa4="
        },
        "strip-json-comments": {
          "version": "1.0.4",
          "resolved": "https://registry.npmjs.org/strip-json-comments/-/strip-json-comments-1.0.4.tgz",
          "integrity": "sha1-HhX7ysl9Pumb8tc7TGVrCCu6+5E="
        }
      }
    },
    "eslint-plugin-json": {
      "version": "1.2.0",
      "resolved": "https://registry.npmjs.org/eslint-plugin-json/-/eslint-plugin-json-1.2.0.tgz",
      "integrity": "sha1-m6c7sL6Z1QCT6In1uWhGPSow764=",
      "dev": true
    },
    "eslint-plugin-react": {
      "version": "5.2.2",
      "resolved": "https://registry.npmjs.org/eslint-plugin-react/-/eslint-plugin-react-5.2.2.tgz",
      "integrity": "sha1-fbBo4fVIf2hx5N7vNqOBwwPqwWE=",
      "dev": true
    },
    "event-emitter": {
      "version": "0.3.5",
      "resolved": "https://registry.npmjs.org/event-emitter/-/event-emitter-0.3.5.tgz",
      "integrity": "sha1-34xp7vFkeSPHFXuc6DhAYQsCzDk="
    },
    "express": {
      "version": "4.16.1",
      "resolved": "https://registry.npmjs.org/express/-/express-4.16.1.tgz",
      "integrity": "sha512-STB7LZ4N0L+81FJHGla2oboUHTk4PaN1RsOkoRh9OSeEKylvF5hwKYVX1xCLFaCT7MD0BNG/gX2WFMLqY6EMBw==",
      "dev": true,
      "dependencies": {
        "safe-buffer": {
          "version": "5.1.1",
          "resolved": "https://registry.npmjs.org/safe-buffer/-/safe-buffer-5.1.1.tgz",
          "integrity": "sha512-kKvNJn6Mm93gAczWVJg7wH+wGYWNrDHdWvpUmHyEsgCtIwwo3bqPtV4tR5tuPaUhTOo/kvhVwd8XwwOllGYkbg=="
        }
      }
    },
    "express-history-api-fallback": {
      "version": "2.2.1",
      "resolved": "https://registry.npmjs.org/express-history-api-fallback/-/express-history-api-fallback-2.2.1.tgz",
      "integrity": "sha1-OirSf3vryQ/FM9EQ18bYMJe80Fc=",
      "dev": true
    },
    "extract-text-webpack-plugin": {
      "version": "3.0.0",
      "resolved": "https://registry.npmjs.org/extract-text-webpack-plugin/-/extract-text-webpack-plugin-3.0.0.tgz",
      "integrity": "sha1-kMqnkHvESfM1AF46x1MrQbAN5hI=",
      "dev": true
    },
    "file-loader": {
      "version": "0.8.5",
      "resolved": "https://registry.npmjs.org/file-loader/-/file-loader-0.8.5.tgz",
      "integrity": "sha1-knXQMf54DyfUf19K8CvUNxPMFRs=",
      "dev": true,
      "dependencies": {
        "loader-utils": {
          "version": "0.2.17",
          "resolved": "https://registry.npmjs.org/loader-utils/-/loader-utils-0.2.17.tgz",
          "integrity": "sha1-+G5jdNQyBabmxg6RlvF8Apm/s0g="
        }
      }
    },
    "file-saver": {
      "version": "1.3.3",
      "resolved": "https://registry.npmjs.org/file-saver/-/file-saver-1.3.3.tgz",
      "integrity": "sha1-zdTETTqiZOrC9o7BZbx5HDSvEjI="
    },
    "flashchainjs": {
      "version": "1.4.4",
      "resolved": "https://registry.npmjs.org/flashchainjs/-/flashchainjs-1.4.4.tgz",
      "integrity": "sha512-hEpbXk3ZdY/9Axij8D+tOpYnK6mRjhIyxr0p4ZAn6XyRcPNKKo8TsqipbxunVYa7OkfSGceZ4rUrKsuC3PYL+A==",
      "requires": {
        "babel-plugin-add-module-exports": "^0.2.1",
        "babel-preset-es2015": "^6.18.0",
        "babel-preset-stage-1": "^6.16.0",
        "bigi": "^1.4.2",
        "bs58": "^4.0.1",
        "bytebuffer": "^5.0.1",
        "create-hash": "^1.1.3",
        "create-hmac": "^1.1.6",
        "crypto-js": "^3.1.9-1",
        "deep-equal": "^1.0.1",
        "ecurve": "^1.0.5",
        "event-emitter": "^0.3.4",
        "flashchainjs-ws": "^0.1.1",
        "immutable": "^3.8.1",
        "reconnectingwebsocketflc": "1.0.1",
        "secure-random": "^1.1.1"
      }
    },
    "flashchainjs-ws": {
      "version": "0.1.2",
      "resolved": "https://registry.npmjs.org/flashchainjs-ws/-/flashchainjs-ws-0.1.2.tgz",
      "integrity": "sha512-dfITgXHpVmWdkRWuIqdVn73IPq51p/aQgJ3lBt/iX5Qa7e/YWTBEcFYj0QUGNjMVG3rt564wpK8J/hjNfX3CSA==",
      "requires": {
        "babel-plugin-add-module-exports": "^0.2.1",
        "babel-preset-es2015": "^6.18.0",
        "babel-preset-stage-1": "^6.16.0",
        "reconnectingwebsocketflc": "^1.0.1",
        "ws": "^2.2.0"
      }
    },
    "foundation-apps": {
      "version": "git+https://github.com/zurb/foundation-apps.git#2b311d183325811cca371826667eacadf6b09bff",
      "from": "git+https://github.com/zurb/foundation-apps.git#2b311d183325811cca371826667eacadf6b09bff"
    },
    "fractional": {
      "version": "1.0.0",
      "resolved": "https://registry.npmjs.org/fractional/-/fractional-1.0.0.tgz",
      "integrity": "sha1-2rFnovn4BM+QOL3fR6qbp/IH6rw="
    },
    "git-rev-sync": {
      "version": "1.9.1",
      "resolved": "https://registry.npmjs.org/git-rev-sync/-/git-rev-sync-1.9.1.tgz",
      "integrity": "sha1-oMLj3TkqvPa3aWLif8dfsyI0Sc4=",
      "dev": true,
      "dependencies": {
        "shelljs": {
          "version": "0.7.7",
          "resolved": "https://registry.npmjs.org/shelljs/-/shelljs-0.7.7.tgz",
          "integrity": "sha1-svXHfvlxSPS09uImguELuoZnz/E="
        }
      }
    },
    "highcharts": {
      "version": "4.2.6",
      "resolved": "https://registry.npmjs.org/highcharts/-/highcharts-4.2.6.tgz",
      "integrity": "sha1-9v4zaqSfcW087HfmC1NbhR11GAY="
    },
    "html-loader": {
      "version": "0.4.5",
      "resolved": "https://registry.npmjs.org/html-loader/-/html-loader-0.4.5.tgz",
      "integrity": "sha1-X7zYfNY6XEmn/OL+VvQl4Fcpxow=",
      "dev": true
    },
    "immutable": {
      "version": "3.8.1",
      "resolved": "https://registry.npmjs.org/immutable/-/immutable-3.8.1.tgz",
      "integrity": "sha1-IAgH8Rqw9ycQ6khVQt4IgHX2jNI="
    },
    "indexeddbshim": {
      "version": "2.2.1",
      "resolved": "https://registry.npmjs.org/indexeddbshim/-/indexeddbshim-2.2.1.tgz",
      "integrity": "sha1-yxFwknMpnyKt8vHOy3Q+whNKY1Y="
    },
    "intl": {
      "version": "1.2.5",
      "resolved": "https://registry.npmjs.org/intl/-/intl-1.2.5.tgz",
      "integrity": "sha1-giRKIZDE5Bn4Nx9ao02qNCDiq94="
    },
    "jdenticon": {
      "version": "git+https://github.com/cryptonomex/jdenticon.git#5107872e12c645dcfd1e9efbe963a9bd54fd2e48",
      "from": "git+https://github.com/cryptonomex/jdenticon.git#5107872e12c645dcfd1e9efbe963a9bd54fd2e48"
    },
    "jest-cli": {
      "version": "18.1.0",
      "resolved": "https://registry.npmjs.org/jest-cli/-/jest-cli-18.1.0.tgz",
      "integrity": "sha1-Xq027K1CCBfCybqiqnV09jJXs9Y=",
      "dev": true,
      "dependencies": {
        "callsites": {
          "version": "2.0.0",
          "resolved": "https://registry.npmjs.org/callsites/-/callsites-2.0.0.tgz",
          "integrity": "sha1-BuuE8A7qQT2oav/vrL/7Ngk7PFA="
        },
        "camelcase": {
          "version": "3.0.0",
          "resolved": "https://registry.npmjs.org/camelcase/-/camelcase-3.0.0.tgz",
          "integrity": "sha1-MvxLn82vhF/N9+c7uXysImHwqwo="
        },
        "os-locale": {
          "version": "1.4.0",
          "resolved": "https://registry.npmjs.org/os-locale/-/os-locale-1.4.0.tgz",
          "integrity": "sha1-IPnxeuKe00XoveWDsT0gCYA8FNk="
        },
        "which-module": {
          "version": "1.0.0",
          "resolved": "https://registry.npmjs.org/which-module/-/which-module-1.0.0.tgz",
          "integrity": "sha1-u6Y8qGGUiZT/MHc2CJ47lgJsKk8="
        },
        "yargs": {
          "version": "6.6.0",
          "resolved": "https://registry.npmjs.org/yargs/-/yargs-6.6.0.tgz",
          "integrity": "sha1-eC7CHvQDNF+DCoCMo9UTr1YGUgg="
        },
        "yargs-parser": {
          "version": "4.2.1",
          "resolved": "https://registry.npmjs.org/yargs-parser/-/yargs-parser-4.2.1.tgz",
          "integrity": "sha1-KczqwNxPA8bIe0qfIX3RjJ90hxw="
        }
      }
    },
    "js-sha256": {
      "version": "0.2.3",
      "resolved": "https://registry.npmjs.org/js-sha256/-/js-sha256-0.2.3.tgz",
      "integrity": "sha1-baFbqj3ZML5VnUvmRz+07YWbSOY="
    },
    "json-loader": {
      "version": "0.5.7",
      "resolved": "https://registry.npmjs.org/json-loader/-/json-loader-0.5.7.tgz",
      "integrity": "sha512-QLPs8Dj7lnf3e3QYS1zkCo+4ZwqOiF9d/nZnYozTISxXWCfNs9yuky5rJw4/W34s7POaNlbZmQGaB5NiXCbP4w==",
      "dev": true
    },
    "lodash": {
      "version": "4.17.13",
      "resolved": "https://registry.npmjs.org/lodash/-/lodash-4.17.13.tgz",
      "integrity": "sha512-vm3/XWXfWtRua0FkUyEHBZy8kCPjErNBT9fJx8Zvs+U6zjqPbTUOpkaoum3O5uiA8sm+yNMHXfYkTUHFoMxFNA=="
    },
    "lzma": {
      "version": "2.1.6",
      "resolved": "https://registry.npmjs.org/lzma/-/lzma-2.1.6.tgz",
      "integrity": "sha1-4RgLM/kkLsLR9NMe4/0m4CJdEgA="
    },
    "mocha": {
      "version": "3.5.3",
      "resolved": "https://registry.npmjs.org/mocha/-/mocha-3.5.3.tgz",
      "integrity": "sha512-/6na001MJWEtYxHOV1WLfsmR4YIynkUEhBwzsb+fk2qmQ3iqsi258l/Q2MWHJMImAcNpZ8DEdYAK72NHoIQ9Eg==",
      "dev": true,
      "dependencies": {
        "commander": {
          "version": "2.9.0",
          "resolved": "https://registry.npmjs.org/commander/-/commander-2.9.0.tgz",
          "integrity": "sha1-nJkJQXbhIkDLItbFFGCYQA/g99Q="
        },
        "debug": {
          "version": "2.6.8",
          "resolved": "https://registry.npmjs.org/debug/-/debug-2.6.8.tgz",
          "integrity": "sha1-5zFTHKLt4n0YgiJCfaF4IdaP9Pw="
        },
        "diff": {
          "version": "3.2.0",
          "resolved": "https://registry.npmjs.org/diff/-/diff-3.2.0.tgz",
          "integrity": "sha1-yc45Okt8vQsFinJck98pkCeGj/k="
        },
        "glob": {
          "version": "7.1.1",
          "resolved": "https://registry.npmjs.org/glob/-/glob-7.1.1.tgz",
          "integrity": "sha1-gFIR3wT6rxxjo2ADBs31reULLsg="
        },
        "supports-color": {
          "version": "3.1.2",
          "resolved": "https://registry.npmjs.org/supports-color/-/supports-color-3.1.2.tgz",
          "integrity": "sha1-cqJiiU2dQIuVbKBf83su2KbiotU="
        }
      }
    },
    "node-fetch": {
      "version": "1.7.3",
      "resolved": "https://registry.npmjs.org/node-fetch/-/node-fetch-1.7.3.tgz",
      "integrity": "sha512-NhZ4CsKx7cYm2vSrBAr2PvFOe6sWDf0UYLRqA6svUYg7+/TSfVAu49jYC4BvQ4Sms9SZgdqGBgroqfDhJdTyKQ=="
    },
    "node-libs-browser": {
      "version": "1.1.1",
      "resolved": "https://registry.npmjs.org/node-libs-browser/-/node-libs-browser-1.1.1.tgz",
      "integrity": "sha1-KjgkOr7dff/NB6l8mspWaJdab+o=",
      "dev": true,
      "dependencies": {
        "process": {
          "version": "0.11.10",
          "resolved": "https://registry.npmjs.org/process/-/process-0.11.10.tgz",
          "integrity": "sha1-czIwDoQBYb2j5podHZGn1LwW8YI="
        },
        "readable-stream": {
          "version": "2.3.3",
          "resolved": "https://registry.npmjs.org/readable-stream/-/readable-stream-2.3.3.tgz",
          "integrity": "sha512-m+qzzcn7KUxEmd1gMbchF+Y2eIUbieUaxkWtptyHywrX0rE8QEYqPC07Vuy4Wm32/xE16NcdBctb8S0Xe/5IeQ==",
          "dependencies": {
            "string_decoder": {
              "version": "1.0.3",
              "resolved": "https://registry.npmjs.org/string_decoder/-/string_decoder-1.0.3.tgz",
              "integrity": "sha512-4AH6Z5fzNNBcH+6XDMfA/BTt87skxqJlO0lAh3Dker5zThcAxG6mKz+iGu308UKoPPQ8Dcqx/4JhujzltRa+hQ=="
            }
          }
        },
        "safe-buffer": {
          "version": "5.1.1",
          "resolved": "https://registry.npmjs.org/safe-buffer/-/safe-buffer-5.1.1.tgz",
          "integrity": "sha512-kKvNJn6Mm93gAczWVJg7wH+wGYWNrDHdWvpUmHyEsgCtIwwo3bqPtV4tR5tuPaUhTOo/kvhVwd8XwwOllGYkbg=="
        }
      }
    },
    "node-sass": {
      "version": "4.5.3",
      "resolved": "https://registry.npmjs.org/node-sass/-/node-sass-4.5.3.tgz",
      "integrity": "sha1-0JydEXlkEjnRuX/8YjH9zsU+FWg=",
      "dev": true,
      "dependencies": {
        "cross-spawn": {
          "version": "3.0.1",
          "resolved": "https://registry.npmjs.org/cross-spawn/-/cross-spawn-3.0.1.tgz",
          "integrity": "sha1-ElYDfsufDF9549bvE14wdwGEuYI="
        },
        "lodash.clonedeep": {
          "version": "4.5.0",
          "resolved": "https://registry.npmjs.org/lodash.clonedeep/-/lodash.clonedeep-4.5.0.tgz",
          "integrity": "sha1-4j8/nE+Pvd6HJSnBBxhXoIblzO8="
        }
      }
    },
    "numeral": {
      "version": "2.0.4",
      "resolved": "https://registry.npmjs.org/numeral/-/numeral-2.0.4.tgz",
      "integrity": "sha1-VFoMcJ4JCpz3m+vsgCuT9gBh8Dg="
    },
    "object-assign": {
      "version": "4.1.1",
      "resolved": "https://registry.npmjs.org/object-assign/-/object-assign-4.1.1.tgz",
      "integrity": "sha1-IQmtx5ZYh8/AXLvUQsrIv7s2CGM="
    },
    "perfect-scrollbar": {
      "version": "git+https://github.com/bitshares/perfect-scrollbar.git#4df6d0c20ed9b56d882da2b92b72ac4b5ea430ff",
      "from": "git+https://github.com/bitshares/perfect-scrollbar.git#4df6d0c20ed9b56d882da2b92b72ac4b5ea430ff"
    },
    "postcss-loader": {
      "version": "0.8.2",
      "resolved": "https://registry.npmjs.org/postcss-loader/-/postcss-loader-0.8.2.tgz",
      "integrity": "sha1-umc7x1vWvkA2duAyv+dn7KvpT6k=",
      "dev": true,
      "dependencies": {
        "loader-utils": {
          "version": "0.2.17",
          "resolved": "https://registry.npmjs.org/loader-utils/-/loader-utils-0.2.17.tgz",
          "integrity": "sha1-+G5jdNQyBabmxg6RlvF8Apm/s0g="
        }
      }
    },
    "qrcode.react": {
      "version": "0.7.2",
      "resolved": "https://registry.npmjs.org/qrcode.react/-/qrcode.react-0.7.2.tgz",
      "integrity": "sha512-s1x+E3bsp0ojI8cHQ+czr+aG3huLZegH+tqAuRsXh6oXvzNfC+9L2PeFRBBu8eRBiejMRrRzSH7iwi5LDyWfRg=="
    },
    "react": {
      "version": "15.6.2",
      "resolved": "https://registry.npmjs.org/react/-/react-15.6.2.tgz",
      "integrity": "sha1-26BDSrQ5z+gvEI8PURZjkIF5qnI=",
      "dependencies": {
        "fbjs": {
          "version": "0.8.16",
          "resolved": "https://registry.npmjs.org/fbjs/-/fbjs-0.8.16.tgz",
          "integrity": "sha1-XmdDL1UNxBtXK/VYR7ispk5TN9s="
        }
      }
    },
    "react-clipboard.js": {
      "version": "1.1.2",
      "resolved": "https://registry.npmjs.org/react-clipboard.js/-/react-clipboard.js-1.1.2.tgz",
      "integrity": "sha1-lsksko0JhzwUKH/Vx185Xx+RFJA="
    },
    "react-dom": {
      "version": "15.6.2",
      "resolved": "https://registry.npmjs.org/react-dom/-/react-dom-15.6.2.tgz",
      "integrity": "sha1-Qc+t9pO3V/rycIRDodH9WgK+9zA=",
      "dependencies": {
        "fbjs": {
          "version": "0.8.16",
          "resolved": "https://registry.npmjs.org/fbjs/-/fbjs-0.8.16.tgz",
          "integrity": "sha1-XmdDL1UNxBtXK/VYR7ispk5TN9s="
        }
      }
    },
    "react-foundation-apps": {
      "version": "git+https://github.com/valzav/react-foundation-apps.git#2ab78c9f80a8dcc0ea8a8f8008c8341e92a2079b",
      "from": "git+https://github.com/valzav/react-foundation-apps.git#2ab78c9f80a8dcc0ea8a8f8008c8341e92a2079b",
      "dependencies": {
        "foundation-apps": {
          "version": "git+https://github.com/zurb/foundation-apps.git#2b311d183325811cca371826667eacadf6b09bff",
          "from": "git+https://github.com/zurb/foundation-apps.git#2b311d183325811cca371826667eacadf6b09bff"
        }
      }
    },
    "react-highcharts": {
      "version": "12.0.0",
      "resolved": "https://registry.npmjs.org/react-highcharts/-/react-highcharts-12.0.0.tgz",
      "integrity": "sha1-p8i19bVrN6/o5/4C7IvucuN2FYo=",
      "dependencies": {
        "highcharts": {
          "version": "5.0.14",
          "resolved": "https://registry.npmjs.org/highcharts/-/highcharts-5.0.14.tgz",
          "integrity": "sha512-mgJLyh1GYaLTh6hoEu8eB+Cl4tGygegRlJv7BBGWSafeZnADVsILbWo73RDH6kKyZDJqdb+G2tAo0sFvVv8k1Q=="
        }
      }
    },
    "react-hot-loader": {
      "version": "3.0.0",
      "resolved": "https://registry.npmjs.org/react-hot-loader/-/react-hot-loader-3.0.0.tgz",
      "integrity": "sha512-5CWQPoaZ7lQ2GXzBv2A+6RH7iJxc4drxx/EPUIpRR0jP9tDsZb/6eBOAJL2OjONYsODRWhECLgmbvupvQHqY7g==",
      "dependencies": {
        "source-map": {
          "version": "0.6.1",
          "resolved": "https://registry.npmjs.org/source-map/-/source-map-0.6.1.tgz",
          "integrity": "sha512-UjgapumWlbMhkBgzT7Ykc5YXUT46F0iKu8SGXq0bcwP5dz/h0Plj6enJqjz1Zbq2l5WaqYnrVbwWOWMyF3F47g=="
        }
      }
    },
    "react-interpolate-component": {
      "version": "0.10.0",
      "resolved": "https://registry.npmjs.org/react-interpolate-component/-/react-interpolate-component-0.10.0.tgz",
      "integrity": "sha1-0NINFt8QaXzctDvfVW2+1ZETvyE=",
      "dependencies": {
        "fbjs": {
          "version": "0.4.0",
          "resolved": "https://registry.npmjs.org/fbjs/-/fbjs-0.4.0.tgz",
          "integrity": "sha1-xXaGEApA1FDsJE7QxEowk/cq9xw="
        },
        "whatwg-fetch": {
          "version": "0.9.0",
          "resolved": "https://registry.npmjs.org/whatwg-fetch/-/whatwg-fetch-0.9.0.tgz",
          "integrity": "sha1-DjaExsuZlbQ+/J3wPkw2XZX9nMA="
        }
      }
    },
    "react-intl": {
      "version": "2.4.0",
      "resolved": "https://registry.npmjs.org/react-intl/-/react-intl-2.4.0.tgz",
      "integrity": "sha1-ZsFNyd+ac7L7v71gIXJugKYT6xU="
    },
    "react-json-inspector": {
      "version": "7.1.0",
      "resolved": "https://registry.npmjs.org/react-json-inspector/-/react-json-inspector-7.1.0.tgz",
      "integrity": "sha1-1hjRKC+Wk/vHTneGdjjPeLTP4Yo=",
      "dependencies": {
        "object-assign": {
          "version": "2.0.0",
          "resolved": "https://registry.npmjs.org/object-assign/-/object-assign-2.0.0.tgz",
          "integrity": "sha1-+DCbCQg7ASYezj73Nz8rV7jdcEI="
        }
      }
    },
    "react-notification-system": {
      "version": "0.2.15",
      "resolved": "https://registry.npmjs.org/react-notification-system/-/react-notification-system-0.2.15.tgz",
      "integrity": "sha1-EyvEvaxVoKvLCWnjEQyVWSe59do="
    },
    "react-popover": {
      "version": "0.4.18",
      "resolved": "https://registry.npmjs.org/react-popover/-/react-popover-0.4.18.tgz",
      "integrity": "sha512-zT52g7vcjcEoq8kzDF9GWFC4P2ORM6NKkqR5T6FHwNsbnyiWz9AIUFxF2eRkYiUDhJXr35DFMWywpFo+ALJluw=="
    },
    "react-responsive-mixin": {
      "version": "0.4.0",
      "resolved": "https://registry.npmjs.org/react-responsive-mixin/-/react-responsive-mixin-0.4.0.tgz",
      "integrity": "sha1-lQQhihfUk0bZoJofWUX2Ka/bYks="
    },
    "react-router": {
      "version": "3.2.0",
      "resolved": "https://registry.npmjs.org/react-router/-/react-router-3.2.0.tgz",
      "integrity": "sha512-sXlLOg0TRCqnjCVskqBHGjzNjcJKUqXEKnDSuxMYJSPJNq9hROE9VsiIW2kfIq7Ev+20Iz0nxayekXyv0XNmsg=="
    },
    "react-stockcharts": {
      "version": "0.6.1",
      "resolved": "https://registry.npmjs.org/react-stockcharts/-/react-stockcharts-0.6.1.tgz",
      "integrity": "sha1-C96srE54YBN5gg6cWzxtG2g3qRI="
    },
    "react-tooltip": {
      "version": "3.3.0",
      "resolved": "https://registry.npmjs.org/react-tooltip/-/react-tooltip-3.3.0.tgz",
      "integrity": "sha1-UcCK4CIQdeLEPYPNR/x4RmYS330="
    },
    "react-transition-group": {
      "version": "1.2.1",
      "resolved": "https://registry.npmjs.org/react-transition-group/-/react-transition-group-1.2.1.tgz",
      "integrity": "sha512-CWaL3laCmgAFdxdKbhhps+c0HRGF4c+hdM4H23+FI1QBNUyx/AMeIJGWorehPNSaKnQNOAxL7PQmqMu78CDj3Q=="
    },
    "react-translate-component": {
      "version": "0.13.2",
      "resolved": "https://registry.npmjs.org/react-translate-component/-/react-translate-component-0.13.2.tgz",
      "integrity": "sha1-WtQcf3irt6FVah3mKCj9Yjg3pXk="
    },
    "reconnectingwebsocketflc": {
      "version": "1.0.1",
      "resolved": "https://registry.npmjs.org/reconnectingwebsocketflc/-/reconnectingwebsocketflc-1.0.1.tgz",
      "integrity": "sha512-ZkX9HlHCs/+LPjU7frXUYzbm42RWlES2KVCA+CaRWowhdvB9dbIGlo/9PSZX0GZvFLl+25fUJPXn33Fevr1zhQ=="
    },
    "remarkable-loader": {
      "version": "0.2.1",
      "resolved": "https://registry.npmjs.org/remarkable-loader/-/remarkable-loader-0.2.1.tgz",
      "integrity": "sha1-OecMmw++Su0gmzSSCQevlLua+FE=",
      "dev": true
    },
    "sass-loader": {
      "version": "6.0.6",
      "resolved": "https://registry.npmjs.org/sass-loader/-/sass-loader-6.0.6.tgz",
      "integrity": "sha512-c3/Zc+iW+qqDip6kXPYLEgsAu2lf4xz0EZDplB7EmSUMda12U1sGJPetH55B/j9eu0bTtKzKlNPWWyYC7wFNyQ==",
      "dev": true,
      "dependencies": {
        "pify": {
          "version": "3.0.0",
          "resolved": "https://registry.npmjs.org/pify/-/pify-3.0.0.tgz",
          "integrity": "sha1-5aSs0sEB/fPZpNB/DbxNtJ3SgXY="
        }
      }
    },
    "script-loader": {
      "version": "0.6.1",
      "resolved": "https://registry.npmjs.org/script-loader/-/script-loader-0.6.1.tgz",
      "integrity": "sha1-GDxhA5Rar1E0tG8DADte4rrUTOs=",
      "dev": true
    },
    "secure-random": {
      "version": "1.1.1",
      "resolved": "https://registry.npmjs.org/secure-random/-/secure-random-1.1.1.tgz",
      "integrity": "sha1-CIDy2MUYX0vLRoQFjINrTdsHFFo="
    },
    "style-loader": {
      "version": "0.13.2",
      "resolved": "https://registry.npmjs.org/style-loader/-/style-loader-0.13.2.tgz",
      "integrity": "sha1-dFMzhM9pjHEEx5URULSXF63C87s=",
      "dev": true
    },
    "svg-inline-loader": {
      "version": "0.7.1",
      "resolved": "https://registry.npmjs.org/svg-inline-loader/-/svg-inline-loader-0.7.1.tgz",
      "integrity": "sha1-bQ4nKLfsNBTCGAs/eAvD9xVO8iY=",
      "dev": true,
      "dependencies": {
        "loader-utils": {
          "version": "0.2.17",
          "resolved": "https://registry.npmjs.org/loader-utils/-/loader-utils-0.2.17.tgz",
          "integrity": "sha1-+G5jdNQyBabmxg6RlvF8Apm/s0g="
        }
      }
    },
    "svgo-loader": {
      "version": "1.1.2",
      "resolved": "https://registry.npmjs.org/svgo-loader/-/svgo-loader-1.1.2.tgz",
      "integrity": "sha1-U+xHGFI7Od0hGVy+ZLxNlzq5gwM=",
      "dev": true,
      "dependencies": {
        "loader-utils": {
          "version": "0.2.17",
          "resolved": "https://registry.npmjs.org/loader-utils/-/loader-utils-0.2.17.tgz",
          "integrity": "sha1-+G5jdNQyBabmxg6RlvF8Apm/s0g="
        }
      }
    },
    "tcomb": {
      "version": "2.5.2",
      "resolved": "https://registry.npmjs.org/tcomb/-/tcomb-2.5.2.tgz",
      "integrity": "sha1-Sf20egBAm+RayheqCR4yEohznyk="
    },
    "url-loader": {
      "version": "0.5.9",
      "resolved": "https://registry.npmjs.org/url-loader/-/url-loader-0.5.9.tgz",
      "integrity": "sha512-B7QYFyvv+fOBqBVeefsxv6koWWtjmHaMFT6KZWti4KRw8YUD/hOU+3AECvXuzyVawIBx3z7zQRejXCDSO5kk1Q==",
      "dev": true,
      "dependencies": {
        "mime": {
          "version": "1.3.6",
          "resolved": "https://registry.npmjs.org/mime/-/mime-1.3.6.tgz",
          "integrity": "sha1-WR2E02U6awtKO5343lqoEI5y5eA="
        }
      }
    },
    "webpack": {
      "version": "3.6.0",
      "resolved": "https://registry.npmjs.org/webpack/-/webpack-3.6.0.tgz",
      "integrity": "sha512-OsHT3D0W0KmPPh60tC7asNnOmST6bKTiR90UyEdT9QYoaJ4OYN4Gg7WK1k3VxHK07ZoiYWPsKvlS/gAjwL/vRA==",
      "dev": true,
      "dependencies": {
        "ansi-regex": {
          "version": "3.0.0",
          "resolved": "https://registry.npmjs.org/ansi-regex/-/ansi-regex-3.0.0.tgz",
          "integrity": "sha1-7QMXwyIGT3lGbAKWa922Bas32Zg="
        },
        "camelcase": {
          "version": "4.1.0",
          "resolved": "https://registry.npmjs.org/camelcase/-/camelcase-4.1.0.tgz",
          "integrity": "sha1-1UVjW+HjPFQmScaRc+Xeas+uNN0="
        },
        "find-up": {
          "version": "2.1.0",
          "resolved": "https://registry.npmjs.org/find-up/-/find-up-2.1.0.tgz",
          "integrity": "sha1-RdG35QbHF93UgndaK3eSCjwMV6c="
        },
        "has-flag": {
          "version": "2.0.0",
          "resolved": "https://registry.npmjs.org/has-flag/-/has-flag-2.0.0.tgz",
          "integrity": "sha1-6CB68cx7MNRGzHC3NLXovhj4jVE="
        },
        "is-fullwidth-code-point": {
          "version": "2.0.0",
          "resolved": "https://registry.npmjs.org/is-fullwidth-code-point/-/is-fullwidth-code-point-2.0.0.tgz",
          "integrity": "sha1-o7MKXE8ZkYMWeqq5O+764937ZU8="
        },
        "load-json-file": {
          "version": "2.0.0",
          "resolved": "https://registry.npmjs.org/load-json-file/-/load-json-file-2.0.0.tgz",
          "integrity": "sha1-eUfkIUmvgNaWy/eXvKq8/h/inKg="
        },
        "node-libs-browser": {
          "version": "2.0.0",
          "resolved": "https://registry.npmjs.org/node-libs-browser/-/node-libs-browser-2.0.0.tgz",
          "integrity": "sha1-o6WeyXAkmFtG6Vg3lkb5bEthZkY="
        },
        "path-type": {
          "version": "2.0.0",
          "resolved": "https://registry.npmjs.org/path-type/-/path-type-2.0.0.tgz",
          "integrity": "sha1-8BLMuEFbcJb8LaoQVMPXI4lZTHM="
        },
        "process": {
          "version": "0.11.10",
          "resolved": "https://registry.npmjs.org/process/-/process-0.11.10.tgz",
          "integrity": "sha1-czIwDoQBYb2j5podHZGn1LwW8YI="
        },
        "read-pkg": {
          "version": "2.0.0",
          "resolved": "https://registry.npmjs.org/read-pkg/-/read-pkg-2.0.0.tgz",
          "integrity": "sha1-jvHAYjxqbbDcZxPEv6xGMysjaPg="
        },
        "read-pkg-up": {
          "version": "2.0.0",
          "resolved": "https://registry.npmjs.org/read-pkg-up/-/read-pkg-up-2.0.0.tgz",
          "integrity": "sha1-a3KoBImE4MQeeVEP1en6mbO1Sb4="
        },
        "readable-stream": {
          "version": "2.3.3",
          "resolved": "https://registry.npmjs.org/readable-stream/-/readable-stream-2.3.3.tgz",
          "integrity": "sha512-m+qzzcn7KUxEmd1gMbchF+Y2eIUbieUaxkWtptyHywrX0rE8QEYqPC07Vuy4Wm32/xE16NcdBctb8S0Xe/5IeQ==",
          "dependencies": {
            "string_decoder": {
              "version": "1.0.3",
              "resolved": "https://registry.npmjs.org/string_decoder/-/string_decoder-1.0.3.tgz",
              "integrity": "sha512-4AH6Z5fzNNBcH+6XDMfA/BTt87skxqJlO0lAh3Dker5zThcAxG6mKz+iGu308UKoPPQ8Dcqx/4JhujzltRa+hQ=="
            }
          }
        },
        "safe-buffer": {
          "version": "5.1.1",
          "resolved": "https://registry.npmjs.org/safe-buffer/-/safe-buffer-5.1.1.tgz",
          "integrity": "sha512-kKvNJn6Mm93gAczWVJg7wH+wGYWNrDHdWvpUmHyEsgCtIwwo3bqPtV4tR5tuPaUhTOo/kvhVwd8XwwOllGYkbg=="
        },
        "source-map": {
          "version": "0.5.7",
          "resolved": "https://registry.npmjs.org/source-map/-/source-map-0.5.7.tgz",
          "integrity": "sha1-igOdLRAh0i0eoUyA2OpGi6LvP8w="
        },
        "string-width": {
          "version": "2.1.1",
          "resolved": "https://registry.npmjs.org/string-width/-/string-width-2.1.1.tgz",
          "integrity": "sha512-nOqH59deCq9SRHlxq1Aw85Jnt4w6KvLKqWVik6oA9ZklXLNIOlqg4F2yrT1MVaTjAqvVwdfeZ7w7aCvJD7ugkw=="
        },
        "strip-ansi": {
          "version": "4.0.0",
          "resolved": "https://registry.npmjs.org/strip-ansi/-/strip-ansi-4.0.0.tgz",
          "integrity": "sha1-qEeQIusaw2iocTibY1JixQXuNo8="
        },
        "strip-bom": {
          "version": "3.0.0",
          "resolved": "https://registry.npmjs.org/strip-bom/-/strip-bom-3.0.0.tgz",
          "integrity": "sha1-IzTBjpx1n3vdVv3vfprj1YjmjtM="
        },
        "supports-color": {
          "version": "4.4.0",
          "resolved": "https://registry.npmjs.org/supports-color/-/supports-color-4.4.0.tgz",
          "integrity": "sha512-rKC3+DyXWgK0ZLKwmRsrkyHVZAjNkfzeehuFWdGGcqGDTZFH73+RH6S/RDAAxl9GusSjZSUWYLmT9N5pzXFOXQ=="
        },
        "timers-browserify": {
          "version": "2.0.4",
          "resolved": "https://registry.npmjs.org/timers-browserify/-/timers-browserify-2.0.4.tgz",
          "integrity": "sha512-uZYhyU3EX8O7HQP+J9fTVYwsq90Vr68xPEFo7yrVImIxYvHgukBEgOB/SgGoorWVTzGM/3Z+wUNnboA4M8jWrg=="
        },
        "yargs": {
          "version": "8.0.2",
          "resolved": "https://registry.npmjs.org/yargs/-/yargs-8.0.2.tgz",
          "integrity": "sha1-YpmpBVsc78lp/355wdkY3Osiw2A="
        }
      }
    },
    "webpack-dev-middleware": {
      "version": "1.12.0",
      "resolved": "https://registry.npmjs.org/webpack-dev-middleware/-/webpack-dev-middleware-1.12.0.tgz",
      "integrity": "sha1-007++y7dp+HTtdvgcolRMhllFwk=",
      "dev": true,
      "dependencies": {
        "mime": {
          "version": "1.4.1",
          "resolved": "https://registry.npmjs.org/mime/-/mime-1.4.1.tgz",
          "integrity": "sha512-KI1+qOZu5DcW6wayYHSzR/tXKCDC5Om4s1z2QJjDULzLcmf3DvzS7oluY4HCTrc+9FiKmWUgeNLg7W3uIQvxtQ=="
        }
      }
    },
    "webpack-hot-middleware": {
      "version": "2.19.1",
      "resolved": "https://registry.npmjs.org/webpack-hot-middleware/-/webpack-hot-middleware-2.19.1.tgz",
      "integrity": "sha512-2x60xmz7XBCNN/Drol+7i85E/5RrNrf+ivOPCgrxhP1F3q3WxpVjjvj8n8fOS1bS9oTRKEDfBYVAtkxqsG7LwQ==",
      "dev": true
    },
    "whatwg-fetch": {
      "version": "2.0.3",
      "resolved": "https://registry.npmjs.org/whatwg-fetch/-/whatwg-fetch-2.0.3.tgz",
      "integrity": "sha1-nITsLc9oGH/wC8ZOEnS0QhduHIQ="
    },
    "worker-loader": {
      "version": "0.8.1",
      "resolved": "https://registry.npmjs.org/worker-loader/-/worker-loader-0.8.1.tgz",
      "integrity": "sha1-6OmVMx6jTfW/aCloJL+38K1XjUM=",
      "dev": true
    },
    "ws": {
      "version": "2.3.1",
      "resolved": "https://registry.npmjs.org/ws/-/ws-2.3.1.tgz",
      "integrity": "sha1-a5Sz5EfLajY/eF6vlK9jWejoHIA="
    },
    "zxcvbn": {
      "version": "4.4.2",
      "resolved": "https://registry.npmjs.org/zxcvbn/-/zxcvbn-4.4.2.tgz",
      "integrity": "sha1-KOwXzwl0PtyrBW3dixsGJizHPDA="
    }
  }
}
